// !$*UTF8*$!
{
	archiveVersion = 1;
	classes = {
	};
	objectVersion = 46;
	objects = {

/* Begin PBXBuildFile section */
		DEFCC94F1C00DCBD00E4EBE0 /* main.m in Sources */ = {isa = PBXBuildFile; fileRef = DEFCC94E1C00DCBD00E4EBE0 /* main.m */; };
		DEFCC9521C00DCBD00E4EBE0 /* AppDelegate.m in Sources */ = {isa = PBXBuildFile; fileRef = DEFCC9511C00DCBD00E4EBE0 /* AppDelegate.m */; };
		DEFCC9551C00DCBD00E4EBE0 /* ViewController.m in Sources */ = {isa = PBXBuildFile; fileRef = DEFCC9541C00DCBD00E4EBE0 /* ViewController.m */; };
		DEFCC9581C00DCBD00E4EBE0 /* Main.storyboard in Resources */ = {isa = PBXBuildFile; fileRef = DEFCC9561C00DCBD00E4EBE0 /* Main.storyboard */; };
		DEFCC95A1C00DCBD00E4EBE0 /* Assets.xcassets in Resources */ = {isa = PBXBuildFile; fileRef = DEFCC9591C00DCBD00E4EBE0 /* Assets.xcassets */; };
		DEFCC95D1C00DCBD00E4EBE0 /* LaunchScreen.storyboard in Resources */ = {isa = PBXBuildFile; fileRef = DEFCC95B1C00DCBD00E4EBE0 /* LaunchScreen.storyboard */; };
		DEFCC96A1C00DD3700E4EBE0 /* UIView+QYAutoLayout.m in Sources */ = {isa = PBXBuildFile; fileRef = DEFCC9691C00DD3700E4EBE0 /* UIView+QYAutoLayout.m */; };
/* End PBXBuildFile section */

/* Begin PBXFileReference section */
		DEFCC94A1C00DCBD00E4EBE0 /* QYAutolayout Example.app */ = {isa = PBXFileReference; explicitFileType = wrapper.application; includeInIndex = 0; path = "QYAutolayout Example.app"; sourceTree = BUILT_PRODUCTS_DIR; };
		DEFCC94E1C00DCBD00E4EBE0 /* main.m */ = {isa = PBXFileReference; lastKnownFileType = sourcecode.c.objc; path = main.m; sourceTree = "<group>"; };
		DEFCC9501C00DCBD00E4EBE0 /* AppDelegate.h */ = {isa = PBXFileReference; lastKnownFileType = sourcecode.c.h; path = AppDelegate.h; sourceTree = "<group>"; };
		DEFCC9511C00DCBD00E4EBE0 /* AppDelegate.m */ = {isa = PBXFileReference; lastKnownFileType = sourcecode.c.objc; path = AppDelegate.m; sourceTree = "<group>"; };
		DEFCC9531C00DCBD00E4EBE0 /* ViewController.h */ = {isa = PBXFileReference; lastKnownFileType = sourcecode.c.h; path = ViewController.h; sourceTree = "<group>"; };
		DEFCC9541C00DCBD00E4EBE0 /* ViewController.m */ = {isa = PBXFileReference; lastKnownFileType = sourcecode.c.objc; path = ViewController.m; sourceTree = "<group>"; };
		DEFCC9571C00DCBD00E4EBE0 /* Base */ = {isa = PBXFileReference; lastKnownFileType = file.storyboard; name = Base; path = Base.lproj/Main.storyboard; sourceTree = "<group>"; };
		DEFCC9591C00DCBD00E4EBE0 /* Assets.xcassets */ = {isa = PBXFileReference; lastKnownFileType = folder.assetcatalog; path = Assets.xcassets; sourceTree = "<group>"; };
		DEFCC95C1C00DCBD00E4EBE0 /* Base */ = {isa = PBXFileReference; lastKnownFileType = file.storyboard; name = Base; path = Base.lproj/LaunchScreen.storyboard; sourceTree = "<group>"; };
		DEFCC95E1C00DCBD00E4EBE0 /* Info.plist */ = {isa = PBXFileReference; lastKnownFileType = text.plist.xml; path = Info.plist; sourceTree = "<group>"; };
		DEFCC9681C00DD3700E4EBE0 /* UIView+QYAutoLayout.h */ = {isa = PBXFileReference; fileEncoding = 4; lastKnownFileType = sourcecode.c.h; path = "UIView+QYAutoLayout.h"; sourceTree = "<group>"; };
		DEFCC9691C00DD3700E4EBE0 /* UIView+QYAutoLayout.m */ = {isa = PBXFileReference; fileEncoding = 4; lastKnownFileType = sourcecode.c.objc; path = "UIView+QYAutoLayout.m"; sourceTree = "<group>"; };
/* End PBXFileReference section */

/* Begin PBXFrameworksBuildPhase section */
		DEFCC9471C00DCBD00E4EBE0 /* Frameworks */ = {
			isa = PBXFrameworksBuildPhase;
			buildActionMask = 2147483647;
			files = (
			);
			runOnlyForDeploymentPostprocessing = 0;
		};
/* End PBXFrameworksBuildPhase section */

/* Begin PBXGroup section */
		DEFCC9411C00DCBD00E4EBE0 = {
			isa = PBXGroup;
			children = (
				DEFCC9671C00DD0500E4EBE0 /* QYAutolayout */,
				DEFCC94C1C00DCBD00E4EBE0 /* QYAutolayout Example */,
				DEFCC94B1C00DCBD00E4EBE0 /* Products */,
			);
			sourceTree = "<group>";
		};
		DEFCC94B1C00DCBD00E4EBE0 /* Products */ = {
			isa = PBXGroup;
			children = (
				DEFCC94A1C00DCBD00E4EBE0 /* QYAutolayout Example.app */,
			);
			name = Products;
			sourceTree = "<group>";
		};
		DEFCC94C1C00DCBD00E4EBE0 /* QYAutolayout Example */ = {
			isa = PBXGroup;
			children = (
				DEFCC9501C00DCBD00E4EBE0 /* AppDelegate.h */,
				DEFCC9511C00DCBD00E4EBE0 /* AppDelegate.m */,
				DEFCC9531C00DCBD00E4EBE0 /* ViewController.h */,
				DEFCC9541C00DCBD00E4EBE0 /* ViewController.m */,
				DEFCC9561C00DCBD00E4EBE0 /* Main.storyboard */,
				DEFCC9591C00DCBD00E4EBE0 /* Assets.xcassets */,
				DEFCC95B1C00DCBD00E4EBE0 /* LaunchScreen.storyboard */,
				DEFCC95E1C00DCBD00E4EBE0 /* Info.plist */,
				DEFCC94D1C00DCBD00E4EBE0 /* Supporting Files */,
			);
			path = "QYAutolayout Example";
			sourceTree = "<group>";
		};
		DEFCC94D1C00DCBD00E4EBE0 /* Supporting Files */ = {
			isa = PBXGroup;
			children = (
				DEFCC94E1C00DCBD00E4EBE0 /* main.m */,
			);
			name = "Supporting Files";
			sourceTree = "<group>";
		};
		DEFCC9671C00DD0500E4EBE0 /* QYAutolayout */ = {
			isa = PBXGroup;
			children = (
				DEFCC9681C00DD3700E4EBE0 /* UIView+QYAutoLayout.h */,
				DEFCC9691C00DD3700E4EBE0 /* UIView+QYAutoLayout.m */,
			);
			name = QYAutolayout;
			path = ../QYAutolayout;
			sourceTree = "<group>";
		};
/* End PBXGroup section */

/* Begin PBXNativeTarget section */
		DEFCC9491C00DCBD00E4EBE0 /* QYAutolayout Example */ = {
			isa = PBXNativeTarget;
			buildConfigurationList = DEFCC9611C00DCBD00E4EBE0 /* Build configuration list for PBXNativeTarget "QYAutolayout Example" */;
			buildPhases = (
				DEFCC9461C00DCBD00E4EBE0 /* Sources */,
				DEFCC9471C00DCBD00E4EBE0 /* Frameworks */,
				DEFCC9481C00DCBD00E4EBE0 /* Resources */,
			);
			buildRules = (
			);
			dependencies = (
			);
			name = "QYAutolayout Example";
			productName = "QYAutolayout Example";
			productReference = DEFCC94A1C00DCBD00E4EBE0 /* QYAutolayout Example.app */;
			productType = "com.apple.product-type.application";
		};
/* End PBXNativeTarget section */

/* Begin PBXProject section */
		DEFCC9421C00DCBD00E4EBE0 /* Project object */ = {
			isa = PBXProject;
			attributes = {
				CLASSPREFIX = QY;
				LastUpgradeCheck = 0710;
				ORGANIZATIONNAME = "Terry Zhang";
				TargetAttributes = {
					DEFCC9491C00DCBD00E4EBE0 = {
						CreatedOnToolsVersion = 7.1.1;
					};
				};
			};
			buildConfigurationList = DEFCC9451C00DCBD00E4EBE0 /* Build configuration list for PBXProject "QYAutolayout Example" */;
			compatibilityVersion = "Xcode 3.2";
			developmentRegion = English;
			hasScannedForEncodings = 0;
			knownRegions = (
				en,
				Base,
			);
			mainGroup = DEFCC9411C00DCBD00E4EBE0;
			productRefGroup = DEFCC94B1C00DCBD00E4EBE0 /* Products */;
			projectDirPath = "";
			projectRoot = "";
			targets = (
				DEFCC9491C00DCBD00E4EBE0 /* QYAutolayout Example */,
			);
		};
/* End PBXProject section */

/* Begin PBXResourcesBuildPhase section */
		DEFCC9481C00DCBD00E4EBE0 /* Resources */ = {
			isa = PBXResourcesBuildPhase;
			buildActionMask = 2147483647;
			files = (
				DEFCC95D1C00DCBD00E4EBE0 /* LaunchScreen.storyboard in Resources */,
				DEFCC95A1C00DCBD00E4EBE0 /* Assets.xcassets in Resources */,
				DEFCC9581C00DCBD00E4EBE0 /* Main.storyboard in Resources */,
			);
			runOnlyForDeploymentPostprocessing = 0;
		};
/* End PBXResourcesBuildPhase section */

/* Begin PBXSourcesBuildPhase section */
		DEFCC9461C00DCBD00E4EBE0 /* Sources */ = {
			isa = PBXSourcesBuildPhase;
			buildActionMask = 2147483647;
			files = (
				DEFCC9551C00DCBD00E4EBE0 /* ViewController.m in Sources */,
				DEFCC96A1C00DD3700E4EBE0 /* UIView+QYAutoLayout.m in Sources */,
				DEFCC9521C00DCBD00E4EBE0 /* AppDelegate.m in Sources */,
				DEFCC94F1C00DCBD00E4EBE0 /* main.m in Sources */,
			);
			runOnlyForDeploymentPostprocessing = 0;
		};
/* End PBXSourcesBuildPhase section */

/* Begin PBXVariantGroup section */
		DEFCC9561C00DCBD00E4EBE0 /* Main.storyboard */ = {
			isa = PBXVariantGroup;
			children = (
				DEFCC9571C00DCBD00E4EBE0 /* Base */,
			);
			name = Main.storyboard;
			sourceTree = "<group>";
		};
		DEFCC95B1C00DCBD00E4EBE0 /* LaunchScreen.storyboard */ = {
			isa = PBXVariantGroup;
			children = (
				DEFCC95C1C00DCBD00E4EBE0 /* Base */,
			);
			name = LaunchScreen.storyboard;
			sourceTree = "<group>";
		};
/* End PBXVariantGroup section */

/* Begin XCBuildConfiguration section */
		DEFCC95F1C00DCBD00E4EBE0 /* Debug */ = {
			isa = XCBuildConfiguration;
			buildSettings = {
				ALWAYS_SEARCH_USER_PATHS = NO;
				CLANG_CXX_LANGUAGE_STANDARD = "gnu++0x";
				CLANG_CXX_LIBRARY = "libc++";
				CLANG_ENABLE_MODULES = YES;
				CLANG_ENABLE_OBJC_ARC = YES;
				CLANG_WARN_BOOL_CONVERSION = YES;
				CLANG_WARN_CONSTANT_CONVERSION = YES;
				CLANG_WARN_DIRECT_OBJC_ISA_USAGE = YES_ERROR;
				CLANG_WARN_EMPTY_BODY = YES;
				CLANG_WARN_ENUM_CONVERSION = YES;
				CLANG_WARN_INT_CONVERSION = YES;
				CLANG_WARN_OBJC_ROOT_CLASS = YES_ERROR;
				CLANG_WARN_UNREACHABLE_CODE = YES;
				CLANG_WARN__DUPLICATE_METHOD_MATCH = YES;
				"CODE_SIGN_IDENTITY[sdk=iphoneos*]" = "iPhone Developer";
				COPY_PHASE_STRIP = NO;
				DEBUG_INFORMATION_FORMAT = dwarf;
				ENABLE_STRICT_OBJC_MSGSEND = YES;
				ENABLE_TESTABILITY = YES;
				GCC_C_LANGUAGE_STANDARD = gnu99;
				GCC_DYNAMIC_NO_PIC = NO;
				GCC_NO_COMMON_BLOCKS = YES;
				GCC_OPTIMIZATION_LEVEL = 0;
				GCC_PREPROCESSOR_DEFINITIONS = (
					"DEBUG=1",
					"$(inherited)",
				);
				GCC_WARN_64_TO_32_BIT_CONVERSION = YES;
				GCC_WARN_ABOUT_RETURN_TYPE = YES_ERROR;
				GCC_WARN_UNDECLARED_SELECTOR = YES;
				GCC_WARN_UNINITIALIZED_AUTOS = YES_AGGRESSIVE;
				GCC_WARN_UNUSED_FUNCTION = YES;
				GCC_WARN_UNUSED_VARIABLE = YES;
				IPHONEOS_DEPLOYMENT_TARGET = 9.1;
				MTL_ENABLE_DEBUG_INFO = YES;
				ONLY_ACTIVE_ARCH = YES;
				SDKROOT = iphoneos;
				TARGETED_DEVICE_FAMILY = "1,2";
			};
			name = Debug;
		};
		DEFCC9601C00DCBD00E4EBE0 /* Release */ = {
			isa = XCBuildConfiguration;
			buildSettings = {
				ALWAYS_SEARCH_USER_PATHS = NO;
				CLANG_CXX_LANGUAGE_STANDARD = "gnu++0x";
				CLANG_CXX_LIBRARY = "libc++";
				CLANG_ENABLE_MODULES = YES;
				CLANG_ENABLE_OBJC_ARC = YES;
				CLANG_WARN_BOOL_CONVERSION = YES;
				CLANG_WARN_CONSTANT_CONVERSION = YES;
				CLANG_WARN_DIRECT_OBJC_ISA_USAGE = YES_ERROR;
				CLANG_WARN_EMPTY_BODY = YES;
				CLANG_WARN_ENUM_CONVERSION = YES;
				CLANG_WARN_INT_CONVERSION = YES;
				CLANG_WARN_OBJC_ROOT_CLASS = YES_ERROR;
				CLANG_WARN_UNREACHABLE_CODE = YES;
				CLANG_WARN__DUPLICATE_METHOD_MATCH = YES;
				"CODE_SIGN_IDENTITY[sdk=iphoneos*]" = "iPhone Developer";
				COPY_PHASE_STRIP = NO;
				DEBUG_INFORMATION_FORMAT = "dwarf-with-dsym";
				ENABLE_NS_ASSERTIONS = NO;
				ENABLE_STRICT_OBJC_MSGSEND = YES;
				GCC_C_LANGUAGE_STANDARD = gnu99;
				GCC_NO_COMMON_BLOCKS = YES;
				GCC_WARN_64_TO_32_BIT_CONVERSION = YES;
				GCC_WARN_ABOUT_RETURN_TYPE = YES_ERROR;
				GCC_WARN_UNDECLARED_SELECTOR = YES;
				GCC_WARN_UNINITIALIZED_AUTOS = YES_AGGRESSIVE;
				GCC_WARN_UNUSED_FUNCTION = YES;
				GCC_WARN_UNUSED_VARIABLE = YES;
				IPHONEOS_DEPLOYMENT_TARGET = 9.1;
				MTL_ENABLE_DEBUG_INFO = NO;
				SDKROOT = iphoneos;
				TARGETED_DEVICE_FAMILY = "1,2";
				VALIDATE_PRODUCT = YES;
			};
			name = Release;
		};
		DEFCC9621C00DCBD00E4EBE0 /* Debug */ = {
			isa = XCBuildConfiguration;
			buildSettings = {
				ASSETCATALOG_COMPILER_APPICON_NAME = AppIcon;
				INFOPLIST_FILE = "QYAutolayout Example/Info.plist";
				LD_RUNPATH_SEARCH_PATHS = "$(inherited) @executable_path/Frameworks";
				PRODUCT_BUNDLE_IDENTIFIER = "me.terry.QYAutolayout-Example";
				PRODUCT_NAME = "$(TARGET_NAME)";
			};
			name = Debug;
		};
		DEFCC9631C00DCBD00E4EBE0 /* Release */ = {
			isa = XCBuildConfiguration;
			buildSettings = {
				ASSETCATALOG_COMPILER_APPICON_NAME = AppIcon;
				INFOPLIST_FILE = "QYAutolayout Example/Info.plist";
				LD_RUNPATH_SEARCH_PATHS = "$(inherited) @executable_path/Frameworks";
				PRODUCT_BUNDLE_IDENTIFIER = "me.terry.QYAutolayout-Example";
				PRODUCT_NAME = "$(TARGET_NAME)";
			};
			name = Release;
		};
/* End XCBuildConfiguration section */

/* Begin XCConfigurationList section */
		DEFCC9451C00DCBD00E4EBE0 /* Build configuration list for PBXProject "QYAutolayout Example" */ = {
			isa = XCConfigurationList;
			buildConfigurations = (
				DEFCC95F1C00DCBD00E4EBE0 /* Debug */,
				DEFCC9601C00DCBD00E4EBE0 /* Release */,
			);
			defaultConfigurationIsVisible = 0;
			defaultConfigurationName = Release;
		};
		DEFCC9611C00DCBD00E4EBE0 /* Build configuration list for PBXNativeTarget "QYAutolayout Example" */ = {
			isa = XCConfigurationList;
			buildConfigurations = (
				DEFCC9621C00DCBD00E4EBE0 /* Debug */,
				DEFCC9631C00DCBD00E4EBE0 /* Release */,
			);
			defaultConfigurationIsVisible = 0;
			defaultConfigurationName = Release;
		};
/* End XCConfigurationList section */
	};
	rootObject = DEFCC9421C00DCBD00E4EBE0 /* Project object */;
}
